
Microsoft Visual Studio Solution File, Format Version 12.00
# Visual Studio Version 17
VisualStudioVersion = 17.3.32811.315
MinimumVisualStudioVersion = 10.0.40219.1
Project("{8BC9CEB8-8B4A-11D0-8D11-00A0C91BC942}") = "020_Pointer", "020_Pointer\020_Pointer.vcxproj", "{39163C2C-894D-4BA3-8DA3-FEB3186D6407}"
EndProject
Project("{8BC9CEB8-8B4A-11D0-8D11-00A0C91BC942}") = "021_Pointer001", "021_Pointer001\021_Pointer001.vcxproj", "{C505FB74-4F90-4FDA-B576-6E61EEAE56F3}"
EndProject
Project("{8BC9CEB8-8B4A-11D0-8D11-00A0C91BC942}") = "022_PointerOperator", "022_PointerOperator\022_PointerOperator.vcxproj", "{506CDBC7-A113-4355-84DF-FB4D8476C862}"
EndProject
Project("{8BC9CEB8-8B4A-11D0-8D11-00A0C91BC942}") = "023_nullptr", "023_nullptr\023_nullptr.vcxproj", "{34BD9585-FA7C-49CE-92E1-7CEEAF54DA23}"
EndProject
Project("{8BC9CEB8-8B4A-11D0-8D11-00A0C91BC942}") = "036_GlobleValue", "036_GlobleValue\036_GlobleValue.vcxproj", "{629AD676-8E3C-4AFF-B5C5-C295B8F89729}"
EndProject
Project("{8BC9CEB8-8B4A-11D0-8D11-00A0C91BC942}") = "041_Class003_Struct", "041_Class003_Struct\041_Class003_Struct.vcxproj", "{6B4CBFB1-7309-4B12-B8E0-677CDBA2F266}"
EndProject
Project("{8BC9CEB8-8B4A-11D0-8D11-00A0C91BC942}") = "024_Reference", "024_Reference\024_Reference.vcxproj", "{43457F5C-B08F-4DB7-9DEA-DB1778A74C8E}"
EndProject
Project("{8BC9CEB8-8B4A-11D0-8D11-00A0C91BC942}") = "038_Class", "038_Class\038_Class.vcxproj", "{FABCE89C-F639-4A0F-A2AA-C6256C2E4DA5}"
EndProject
Project("{8BC9CEB8-8B4A-11D0-8D11-00A0C91BC942}") = "050_ClassOperator", "050_ClassOperator\050_ClassOperator.vcxproj", "{46D5F8E9-E371-4C46-AE2D-4081065772C1}"
EndProject
Project("{8BC9CEB8-8B4A-11D0-8D11-00A0C91BC942}") = "HomeWork0327", "HomeWork0327\HomeWork0327.vcxproj", "{E8CD30D8-9506-4673-92E1-0A1821EBF5BF}"
EndProject
Project("{2150E333-8FDC-42A3-9474-1A3956D46DE8}") = "HomeWork", "HomeWork", "{71131B64-3B89-49CC-B4FA-AF466D7DDF2B}"
EndProject
Project("{8BC9CEB8-8B4A-11D0-8D11-00A0C91BC942}") = "025_Const002", "025_Const002\025_Const002.vcxproj", "{F59E4D29-3ACE-4D30-A955-301870334CEB}"
EndProject
Project("{8BC9CEB8-8B4A-11D0-8D11-00A0C91BC942}") = "026_TypeChange", "026_TypeChange\026_TypeChange.vcxproj", "{9A5DEE31-0CAD-4C0D-A9C3-A8010B23565E}"
EndProject
Project("{8BC9CEB8-8B4A-11D0-8D11-00A0C91BC942}") = "027_Printf_s", "027_Printf_s\027_Printf_s.vcxproj", "{F7F662DC-7C5C-4373-9346-97E058BD50D5}"
EndProject
Global
	GlobalSection(SolutionConfigurationPlatforms) = preSolution
		Debug|x64 = Debug|x64
		Debug|x86 = Debug|x86
		Release|x64 = Release|x64
		Release|x86 = Release|x86
	EndGlobalSection
	GlobalSection(ProjectConfigurationPlatforms) = postSolution
		{39163C2C-894D-4BA3-8DA3-FEB3186D6407}.Debug|x64.ActiveCfg = Debug|x64
		{39163C2C-894D-4BA3-8DA3-FEB3186D6407}.Debug|x64.Build.0 = Debug|x64
		{39163C2C-894D-4BA3-8DA3-FEB3186D6407}.Debug|x86.ActiveCfg = Debug|Win32
		{39163C2C-894D-4BA3-8DA3-FEB3186D6407}.Debug|x86.Build.0 = Debug|Win32
		{39163C2C-894D-4BA3-8DA3-FEB3186D6407}.Release|x64.ActiveCfg = Release|x64
		{39163C2C-894D-4BA3-8DA3-FEB3186D6407}.Release|x64.Build.0 = Release|x64
		{39163C2C-894D-4BA3-8DA3-FEB3186D6407}.Release|x86.ActiveCfg = Release|Win32
		{39163C2C-894D-4BA3-8DA3-FEB3186D6407}.Release|x86.Build.0 = Release|Win32
		{C505FB74-4F90-4FDA-B576-6E61EEAE56F3}.Debug|x64.ActiveCfg = Debug|x64
		{C505FB74-4F90-4FDA-B576-6E61EEAE56F3}.Debug|x64.Build.0 = Debug|x64
		{C505FB74-4F90-4FDA-B576-6E61EEAE56F3}.Debug|x86.ActiveCfg = Debug|Win32
		{C505FB74-4F90-4FDA-B576-6E61EEAE56F3}.Debug|x86.Build.0 = Debug|Win32
		{C505FB74-4F90-4FDA-B576-6E61EEAE56F3}.Release|x64.ActiveCfg = Release|x64
		{C505FB74-4F90-4FDA-B576-6E61EEAE56F3}.Release|x64.Build.0 = Release|x64
		{C505FB74-4F90-4FDA-B576-6E61EEAE56F3}.Release|x86.ActiveCfg = Release|Win32
		{C505FB74-4F90-4FDA-B576-6E61EEAE56F3}.Release|x86.Build.0 = Release|Win32
		{506CDBC7-A113-4355-84DF-FB4D8476C862}.Debug|x64.ActiveCfg = Debug|x64
		{506CDBC7-A113-4355-84DF-FB4D8476C862}.Debug|x64.Build.0 = Debug|x64
		{506CDBC7-A113-4355-84DF-FB4D8476C862}.Debug|x86.ActiveCfg = Debug|Win32
		{506CDBC7-A113-4355-84DF-FB4D8476C862}.Debug|x86.Build.0 = Debug|Win32
		{506CDBC7-A113-4355-84DF-FB4D8476C862}.Release|x64.ActiveCfg = Release|x64
		{506CDBC7-A113-4355-84DF-FB4D8476C862}.Release|x64.Build.0 = Release|x64
		{506CDBC7-A113-4355-84DF-FB4D8476C862}.Release|x86.ActiveCfg = Release|Win32
		{506CDBC7-A113-4355-84DF-FB4D8476C862}.Release|x86.Build.0 = Release|Win32
		{34BD9585-FA7C-49CE-92E1-7CEEAF54DA23}.Debug|x64.ActiveCfg = Debug|x64
		{34BD9585-FA7C-49CE-92E1-7CEEAF54DA23}.Debug|x64.Build.0 = Debug|x64
		{34BD9585-FA7C-49CE-92E1-7CEEAF54DA23}.Debug|x86.ActiveCfg = Debug|Win32
		{34BD9585-FA7C-49CE-92E1-7CEEAF54DA23}.Debug|x86.Build.0 = Debug|Win32
		{34BD9585-FA7C-49CE-92E1-7CEEAF54DA23}.Release|x64.ActiveCfg = Release|x64
		{34BD9585-FA7C-49CE-92E1-7CEEAF54DA23}.Release|x64.Build.0 = Release|x64
		{34BD9585-FA7C-49CE-92E1-7CEEAF54DA23}.Release|x86.ActiveCfg = Release|Win32
		{34BD9585-FA7C-49CE-92E1-7CEEAF54DA23}.Release|x86.Build.0 = Release|Win32
		{629AD676-8E3C-4AFF-B5C5-C295B8F89729}.Debug|x64.ActiveCfg = Debug|x64
		{629AD676-8E3C-4AFF-B5C5-C295B8F89729}.Debug|x64.Build.0 = Debug|x64
		{629AD676-8E3C-4AFF-B5C5-C295B8F89729}.Debug|x86.ActiveCfg = Debug|Win32
		{629AD676-8E3C-4AFF-B5C5-C295B8F89729}.Debug|x86.Build.0 = Debug|Win32
		{629AD676-8E3C-4AFF-B5C5-C295B8F89729}.Release|x64.ActiveCfg = Release|x64
		{629AD676-8E3C-4AFF-B5C5-C295B8F89729}.Release|x64.Build.0 = Release|x64
		{629AD676-8E3C-4AFF-B5C5-C295B8F89729}.Release|x86.ActiveCfg = Release|Win32
		{629AD676-8E3C-4AFF-B5C5-C295B8F89729}.Release|x86.Build.0 = Release|Win32
		{6B4CBFB1-7309-4B12-B8E0-677CDBA2F266}.Debug|x64.ActiveCfg = Debug|x64
		{6B4CBFB1-7309-4B12-B8E0-677CDBA2F266}.Debug|x64.Build.0 = Debug|x64
		{6B4CBFB1-7309-4B12-B8E0-677CDBA2F266}.Debug|x86.ActiveCfg = Debug|Win32
		{6B4CBFB1-7309-4B12-B8E0-677CDBA2F266}.Debug|x86.Build.0 = Debug|Win32
		{6B4CBFB1-7309-4B12-B8E0-677CDBA2F266}.Release|x64.ActiveCfg = Release|x64
		{6B4CBFB1-7309-4B12-B8E0-677CDBA2F266}.Release|x64.Build.0 = Release|x64
		{6B4CBFB1-7309-4B12-B8E0-677CDBA2F266}.Release|x86.ActiveCfg = Release|Win32
		{6B4CBFB1-7309-4B12-B8E0-677CDBA2F266}.Release|x86.Build.0 = Release|Win32
		{43457F5C-B08F-4DB7-9DEA-DB1778A74C8E}.Debug|x64.ActiveCfg = Debug|x64
		{43457F5C-B08F-4DB7-9DEA-DB1778A74C8E}.Debug|x64.Build.0 = Debug|x64
		{43457F5C-B08F-4DB7-9DEA-DB1778A74C8E}.Debug|x86.ActiveCfg = Debug|Win32
		{43457F5C-B08F-4DB7-9DEA-DB1778A74C8E}.Debug|x86.Build.0 = Debug|Win32
		{43457F5C-B08F-4DB7-9DEA-DB1778A74C8E}.Release|x64.ActiveCfg = Release|x64
		{43457F5C-B08F-4DB7-9DEA-DB1778A74C8E}.Release|x64.Build.0 = Release|x64
		{43457F5C-B08F-4DB7-9DEA-DB1778A74C8E}.Release|x86.ActiveCfg = Release|Win32
		{43457F5C-B08F-4DB7-9DEA-DB1778A74C8E}.Release|x86.Build.0 = Release|Win32
		{FABCE89C-F639-4A0F-A2AA-C6256C2E4DA5}.Debug|x64.ActiveCfg = Debug|x64
		{FABCE89C-F639-4A0F-A2AA-C6256C2E4DA5}.Debug|x64.Build.0 = Debug|x64
		{FABCE89C-F639-4A0F-A2AA-C6256C2E4DA5}.Debug|x86.ActiveCfg = Debug|Win32
		{FABCE89C-F639-4A0F-A2AA-C6256C2E4DA5}.Debug|x86.Build.0 = Debug|Win32
		{FABCE89C-F639-4A0F-A2AA-C6256C2E4DA5}.Release|x64.ActiveCfg = Release|x64
		{FABCE89C-F639-4A0F-A2AA-C6256C2E4DA5}.Release|x64.Build.0 = Release|x64
		{FABCE89C-F639-4A0F-A2AA-C6256C2E4DA5}.Release|x86.ActiveCfg = Release|Win32
		{FABCE89C-F639-4A0F-A2AA-C6256C2E4DA5}.Release|x86.Build.0 = Release|Win32
		{46D5F8E9-E371-4C46-AE2D-4081065772C1}.Debug|x64.ActiveCfg = Debug|x64
		{46D5F8E9-E371-4C46-AE2D-4081065772C1}.Debug|x64.Build.0 = Debug|x64
		{46D5F8E9-E371-4C46-AE2D-4081065772C1}.Debug|x86.ActiveCfg = Debug|Win32
		{46D5F8E9-E371-4C46-AE2D-4081065772C1}.Debug|x86.Build.0 = Debug|Win32
		{46D5F8E9-E371-4C46-AE2D-4081065772C1}.Release|x64.ActiveCfg = Release|x64
		{46D5F8E9-E371-4C46-AE2D-4081065772C1}.Release|x64.Build.0 = Release|x64
		{46D5F8E9-E371-4C46-AE2D-4081065772C1}.Release|x86.ActiveCfg = Release|Win32
		{46D5F8E9-E371-4C46-AE2D-4081065772C1}.Release|x86.Build.0 = Release|Win32
		{E8CD30D8-9506-4673-92E1-0A1821EBF5BF}.Debug|x64.ActiveCfg = Debug|x64
		{E8CD30D8-9506-4673-92E1-0A1821EBF5BF}.Debug|x64.Build.0 = Debug|x64
		{E8CD30D8-9506-4673-92E1-0A1821EBF5BF}.Debug|x86.ActiveCfg = Debug|Win32
		{E8CD30D8-9506-4673-92E1-0A1821EBF5BF}.Debug|x86.Build.0 = Debug|Win32
		{E8CD30D8-9506-4673-92E1-0A1821EBF5BF}.Release|x64.ActiveCfg = Release|x64
		{E8CD30D8-9506-4673-92E1-0A1821EBF5BF}.Release|x64.Build.0 = Release|x64
		{E8CD30D8-9506-4673-92E1-0A1821EBF5BF}.Release|x86.ActiveCfg = Release|Win32
		{E8CD30D8-9506-4673-92E1-0A1821EBF5BF}.Release|x86.Build.0 = Release|Win32
		{F59E4D29-3ACE-4D30-A955-301870334CEB}.Debug|x64.ActiveCfg = Debug|x64
		{F59E4D29-3ACE-4D30-A955-301870334CEB}.Debug|x64.Build.0 = Debug|x64
		{F59E4D29-3ACE-4D30-A955-301870334CEB}.Debug|x86.ActiveCfg = Debug|Win32
		{F59E4D29-3ACE-4D30-A955-301870334CEB}.Debug|x86.Build.0 = Debug|Win32
		{F59E4D29-3ACE-4D30-A955-301870334CEB}.Release|x64.ActiveCfg = Release|x64
		{F59E4D29-3ACE-4D30-A955-301870334CEB}.Release|x64.Build.0 = Release|x64
		{F59E4D29-3ACE-4D30-A955-301870334CEB}.Release|x86.ActiveCfg = Release|Win32
		{F59E4D29-3ACE-4D30-A955-301870334CEB}.Release|x86.Build.0 = Release|Win32
		{9A5DEE31-0CAD-4C0D-A9C3-A8010B23565E}.Debug|x64.ActiveCfg = Debug|x64
		{9A5DEE31-0CAD-4C0D-A9C3-A8010B23565E}.Debug|x64.Build.0 = Debug|x64
		{9A5DEE31-0CAD-4C0D-A9C3-A8010B23565E}.Debug|x86.ActiveCfg = Debug|Win32
		{9A5DEE31-0CAD-4C0D-A9C3-A8010B23565E}.Debug|x86.Build.0 = Debug|Win32
		{9A5DEE31-0CAD-4C0D-A9C3-A8010B23565E}.Release|x64.ActiveCfg = Release|x64
		{9A5DEE31-0CAD-4C0D-A9C3-A8010B23565E}.Release|x64.Build.0 = Release|x64
		{9A5DEE31-0CAD-4C0D-A9C3-A8010B23565E}.Release|x86.ActiveCfg = Release|Win32
		{9A5DEE31-0CAD-4C0D-A9C3-A8010B23565E}.Release|x86.Build.0 = Release|Win32
		{F7F662DC-7C5C-4373-9346-97E058BD50D5}.Debug|x64.ActiveCfg = Debug|x64
		{F7F662DC-7C5C-4373-9346-97E058BD50D5}.Debug|x64.Build.0 = Debug|x64
		{F7F662DC-7C5C-4373-9346-97E058BD50D5}.Debug|x86.ActiveCfg = Debug|Win32
		{F7F662DC-7C5C-4373-9346-97E058BD50D5}.Debug|x86.Build.0 = Debug|Win32
		{F7F662DC-7C5C-4373-9346-97E058BD50D5}.Release|x64.ActiveCfg = Release|x64
		{F7F662DC-7C5C-4373-9346-97E058BD50D5}.Release|x64.Build.0 = Release|x64
		{F7F662DC-7C5C-4373-9346-97E058BD50D5}.Release|x86.ActiveCfg = Release|Win32
		{F7F662DC-7C5C-4373-9346-97E058BD50D5}.Release|x86.Build.0 = Release|Win32
	EndGlobalSection
	GlobalSection(SolutionProperties) = preSolution
		HideSolutionNode = FALSE
	EndGlobalSection
	GlobalSection(NestedProjects) = preSolution
		{E8CD30D8-9506-4673-92E1-0A1821EBF5BF} = {71131B64-3B89-49CC-B4FA-AF466D7DDF2B}
	EndGlobalSection
	GlobalSection(ExtensibilityGlobals) = postSolution
		SolutionGuid = {7AA9E0AF-D18E-42A7-95D7-F7A88562CD85}
	EndGlobalSection
EndGlobal
